
Microsoft Visual Studio Solution File, Format Version 12.00
# Visual Studio Version 16
VisualStudioVersion = 16.0.29926.136
MinimumVisualStudioVersion = 10.0.40219.1
Project("{FAE04EC0-301F-11D3-BF4B-00C04F79EFBC}") = "CinemaApplication", "CinemaApplication.csproj", "{C0F2A3BA-6B2D-4F99-93F9-C80763AD0CA8}"
EndProject
Project("{FAE04EC0-301F-11D3-BF4B-00C04F79EFBC}") = "CinemaApplication.BL", "..\CinemaApplication.BL\CinemaApplication.BL.csproj", "{C59CE66C-304F-472B-9763-279B52C13FDD}"
EndProject
Project("{FAE04EC0-301F-11D3-BF4B-00C04F79EFBC}") = "CinemaApplication.Entity", "..\CinemaApplication.Entity\CinemaApplication.Entity.csproj", "{ECBBD8C3-A906-40DA-9361-115F4AB63D90}"
EndProject
Project("{FAE04EC0-301F-11D3-BF4B-00C04F79EFBC}") = "CinemaApplication.DAL", "..\CinemaApplication.DAL\CinemaApplication.DAL.csproj", "{6A1B793B-B412-4507-8A28-07FBF7588C17}"
EndProject
Project("{FAE04EC0-301F-11D3-BF4B-00C04F79EFBC}") = "CinemaApplication.Service", "..\CinemaApplication.Service\CinemaApplication.Service.csproj", "{AA927EEE-E281-49C4-AB52-C1A5445398D2}"
EndProject
Global
	GlobalSection(SolutionConfigurationPlatforms) = preSolution
		Debug|Any CPU = Debug|Any CPU
		Release|Any CPU = Release|Any CPU
	EndGlobalSection
	GlobalSection(ProjectConfigurationPlatforms) = postSolution
		{C0F2A3BA-6B2D-4F99-93F9-C80763AD0CA8}.Debug|Any CPU.ActiveCfg = Debug|Any CPU
		{C0F2A3BA-6B2D-4F99-93F9-C80763AD0CA8}.Debug|Any CPU.Build.0 = Debug|Any CPU
		{C0F2A3BA-6B2D-4F99-93F9-C80763AD0CA8}.Release|Any CPU.ActiveCfg = Release|Any CPU
		{C0F2A3BA-6B2D-4F99-93F9-C80763AD0CA8}.Release|Any CPU.Build.0 = Release|Any CPU
		{C59CE66C-304F-472B-9763-279B52C13FDD}.Debug|Any CPU.ActiveCfg = Debug|Any CPU
		{C59CE66C-304F-472B-9763-279B52C13FDD}.Debug|Any CPU.Build.0 = Debug|Any CPU
		{C59CE66C-304F-472B-9763-279B52C13FDD}.Release|Any CPU.ActiveCfg = Release|Any CPU
		{C59CE66C-304F-472B-9763-279B52C13FDD}.Release|Any CPU.Build.0 = Release|Any CPU
		{ECBBD8C3-A906-40DA-9361-115F4AB63D90}.Debug|Any CPU.ActiveCfg = Debug|Any CPU
		{ECBBD8C3-A906-40DA-9361-115F4AB63D90}.Debug|Any CPU.Build.0 = Debug|Any CPU
		{ECBBD8C3-A906-40DA-9361-115F4AB63D90}.Release|Any CPU.ActiveCfg = Release|Any CPU
		{ECBBD8C3-A906-40DA-9361-115F4AB63D90}.Release|Any CPU.Build.0 = Release|Any CPU
		{6A1B793B-B412-4507-8A28-07FBF7588C17}.Debug|Any CPU.ActiveCfg = Debug|Any CPU
		{6A1B793B-B412-4507-8A28-07FBF7588C17}.Debug|Any CPU.Build.0 = Debug|Any CPU
		{6A1B793B-B412-4507-8A28-07FBF7588C17}.Release|Any CPU.ActiveCfg = Release|Any CPU
		{6A1B793B-B412-4507-8A28-07FBF7588C17}.Release|Any CPU.Build.0 = Release|Any CPU
		{AA927EEE-E281-49C4-AB52-C1A5445398D2}.Debug|Any CPU.ActiveCfg = Debug|Any CPU
		{AA927EEE-E281-49C4-AB52-C1A5445398D2}.Debug|Any CPU.Build.0 = Debug|Any CPU
		{AA927EEE-E281-49C4-AB52-C1A5445398D2}.Release|Any CPU.ActiveCfg = Release|Any CPU
		{AA927EEE-E281-49C4-AB52-C1A5445398D2}.Release|Any CPU.Build.0 = Release|Any CPU
	EndGlobalSection
	GlobalSection(SolutionProperties) = preSolution
		HideSolutionNode = FALSE
	EndGlobalSection
	GlobalSection(ExtensibilityGlobals) = postSolution
		SolutionGuid = {B7849252-0E35-4EAA-9FB8-48D025591A1C}
	EndGlobalSection
EndGlobal
